
Microsoft Visual Studio Solution File, Format Version 12.00
# Visual Studio 2012
Project("{FAE04EC0-301F-11D3-BF4B-00C04F79EFBC}") = "TestWpfAppControl", "TestWpfAppControl.csproj", "{90F8694F-C9B5-4039-84F2-45142414B665}"
EndProject
Project("{FAE04EC0-301F-11D3-BF4B-00C04F79EFBC}") = "WpfAppControl", "..\..\WpfAppControl\WpfAppControl.csproj", "{2FABFD7C-6DCF-4E7A-89F8-CA71F200D78A}"
EndProject
Global
	GlobalSection(SolutionConfigurationPlatforms) = preSolution
		Debug|Any CPU = Debug|Any CPU
		Release|Any CPU = Release|Any CPU
	EndGlobalSection
	GlobalSection(ProjectConfigurationPlatforms) = postSolution
		{90F8694F-C9B5-4039-84F2-45142414B665}.Debug|Any CPU.ActiveCfg = Debug|Any CPU
		{90F8694F-C9B5-4039-84F2-45142414B665}.Debug|Any CPU.Build.0 = Debug|Any CPU
		{90F8694F-C9B5-4039-84F2-45142414B665}.Release|Any CPU.ActiveCfg = Release|Any CPU
		{90F8694F-C9B5-4039-84F2-45142414B665}.Release|Any CPU.Build.0 = Release|Any CPU
		{2FABFD7C-6DCF-4E7A-89F8-CA71F200D78A}.Debug|Any CPU.ActiveCfg = Debug|Any CPU
		{2FABFD7C-6DCF-4E7A-89F8-CA71F200D78A}.Debug|Any CPU.Build.0 = Debug|Any CPU
		{2FABFD7C-6DCF-4E7A-89F8-CA71F200D78A}.Release|Any CPU.ActiveCfg = Release|Any CPU
		{2FABFD7C-6DCF-4E7A-89F8-CA71F200D78A}.Release|Any CPU.Build.0 = Release|Any CPU
	EndGlobalSection
	GlobalSection(SolutionProperties) = preSolution
		HideSolutionNode = FALSE
	EndGlobalSection
EndGlobal
